# THIS IS AN AUTOGENERATED FILE. DO NOT EDIT THIS FILE DIRECTLY.
# yarn lockfile v1


"@types/node@^18.15.13":
  version "18.15.13"
  resolved "https://registry.npmjs.org/@types/node/-/node-18.15.13.tgz"
  integrity sha512-N+0kuo9KgrUQ1Sn/ifDXsvg0TTleP7rIy4zOBGECxAljqvqfqpTfzx0Q1NUedOixRMBfe2Whhb056a42cWs26Q==

fsevents@~2.3.2:
  version "2.3.2"
  resolved "https://registry.npmjs.org/fsevents/-/fsevents-2.3.2.tgz"
  integrity sha512-xiqMQR4xAeHTuB9uWm+fFRcIOgKBMiOBP+eXiyT7jsgVCq1bkVygt00oASowB7EdtpOHaaPgKt812P9ab+DDKA==

lodash._reinterpolate@^3.0.0:
  version "3.0.0"
  resolved "https://registry.npmjs.org/lodash._reinterpolate/-/lodash._reinterpolate-3.0.0.tgz"
  integrity sha512-xYHt68QRoYGjeeM/XOE1uJtvXQAgvszfBhjV4yvsQH0u2i9I6cI6c6/eG4Hh3UAOVn0y/xAXwmTzEay49Q//HA==

lodash.template@^4.4.0:
  version "4.5.0"
  resolved "https://registry.npmjs.org/lodash.template/-/lodash.template-4.5.0.tgz"
  integrity sha512-84vYFxIkmidUiFxidA/KjjH9pAycqW+h980j7Fuz5qxRtO9pgB7MDFTdys1N7A5mcucRiDyEq4fusljItR1T/A==
  dependencies:
    lodash._reinterpolate "^3.0.0"
    lodash.templatesettings "^4.0.0"

lodash.templatesettings@^4.0.0:
  version "4.2.0"
  resolved "https://registry.npmjs.org/lodash.templatesettings/-/lodash.templatesettings-4.2.0.tgz"
  integrity sha512-stgLz+i3Aa9mZgnjr/O+v9ruKZsPsndy7qPZOchbqk2cnTU1ZaldKK+v7m54WoKIyxiuMZTKT2H81F8BeAc3ZQ==
  dependencies:
    lodash._reinterpolate "^3.0.0"

prettier@^2.8.7:
  version "2.8.7"
  resolved "https://registry.npmjs.org/prettier/-/prettier-2.8.7.tgz"
  integrity sha512-yPngTo3aXUUmyuTjeTUT75txrf+aMh9FiD7q9ZE/i6r0bPb22g4FsE6Y338PQX1bmfy08i9QQCB7/rcUAVntfw==

rollup-plugin-banner@^0.2.1:
  version "0.2.1"
  resolved "https://registry.npmjs.org/rollup-plugin-banner/-/rollup-plugin-banner-0.2.1.tgz"
  integrity sha512-Bs1uIPCsGpKIkNOwmBsCqn+dJ/xaojWk9PNlvd+1MEScddr1yUQlO6McAXi72wJyNWYL+9u9EI2JAZMpLRH92w==
  dependencies:
    lodash.template "^4.4.0"

rollup@^3.20.7:
  version "3.20.7"
  resolved "https://registry.npmjs.org/rollup/-/rollup-3.20.7.tgz"
  integrity sha512-P7E2zezKSLhWnTz46XxjSmInrbOCiul1yf+kJccMxT56vxjHwCbDfoLbiqFgu+WQoo9ij2PkraYaBstgB2prBA==
  optionalDependencies:
    fsevents "~2.3.2"

typescript@^5.0.4:
  version "5.0.4"
  resolved "https://registry.npmjs.org/typescript/-/typescript-5.0.4.tgz"
  integrity sha512-cW9T5W9xY37cc+jfEnaUvX91foxtHkza3Nw3wkoF4sSlKn0MONdkdEndig/qPBWXNkmplh3NzayQzCiHM4/hqw==
